github.com/fhs/gompd/v2 v2.2.0 h1:zdSYAAOzQ5cCCgYa5CoXkL0Vr0Cqb/b5JmTobirLc90=
github.com/fhs/gompd/v2 v2.2.0/go.mod h1:nNdZtcpD5VpmzZbRl5rV6RhxeMmAWTxEsSIMBkmMIy4=
github.com/shkh/lastfm-go v0.0.0-20191215035245-89a801c244e0 h1:cgqwZtnR+IQfUYDLJ3Kiy4aE+O/wExTzEIg8xwC4Qfs=
github.com/shkh/lastfm-go v0.0.0-20191215035245-89a801c244e0/go.mod h1:n3nudMl178cEvD44PaopxH9jhJaQzthSxUzLO5iKMy4=
